
Microsoft Visual Studio Solution File, Format Version 12.00
# Visual Studio 2012
Project("{FAE04EC0-301F-11D3-BF4B-00C04F79EFBC}") = "KickassDiskForensics", "KickassDiskForensics.csproj", "{C99C655D-4AD8-44CC-9E29-FC0298F89D8F}"
EndProject
Project("{FAE04EC0-301F-11D3-BF4B-00C04F79EFBC}") = "FileSystems", "..\KickassUndelete\FileSystems\FileSystems.csproj", "{30DD8332-FA7A-4BA5-BA90-879C9848CF57}"
EndProject
Project("{FAE04EC0-301F-11D3-BF4B-00C04F79EFBC}") = "GuiComponents", "..\KickassUndelete\GuiComponents\GuiComponents.csproj", "{1C15D15D-971C-47EE-BC13-A09B9BF9B092}"
EndProject
Global
	GlobalSection(SolutionConfigurationPlatforms) = preSolution
		Debug|Any CPU = Debug|Any CPU
		Release|Any CPU = Release|Any CPU
	EndGlobalSection
	GlobalSection(ProjectConfigurationPlatforms) = postSolution
		{C99C655D-4AD8-44CC-9E29-FC0298F89D8F}.Debug|Any CPU.ActiveCfg = Debug|Any CPU
		{C99C655D-4AD8-44CC-9E29-FC0298F89D8F}.Debug|Any CPU.Build.0 = Debug|Any CPU
		{C99C655D-4AD8-44CC-9E29-FC0298F89D8F}.Release|Any CPU.ActiveCfg = Release|Any CPU
		{C99C655D-4AD8-44CC-9E29-FC0298F89D8F}.Release|Any CPU.Build.0 = Release|Any CPU
		{30DD8332-FA7A-4BA5-BA90-879C9848CF57}.Debug|Any CPU.ActiveCfg = Debug|Any CPU
		{30DD8332-FA7A-4BA5-BA90-879C9848CF57}.Debug|Any CPU.Build.0 = Debug|Any CPU
		{30DD8332-FA7A-4BA5-BA90-879C9848CF57}.Release|Any CPU.ActiveCfg = Release|Any CPU
		{30DD8332-FA7A-4BA5-BA90-879C9848CF57}.Release|Any CPU.Build.0 = Release|Any CPU
		{1C15D15D-971C-47EE-BC13-A09B9BF9B092}.Debug|Any CPU.ActiveCfg = Debug|Any CPU
		{1C15D15D-971C-47EE-BC13-A09B9BF9B092}.Debug|Any CPU.Build.0 = Debug|Any CPU
		{1C15D15D-971C-47EE-BC13-A09B9BF9B092}.Release|Any CPU.ActiveCfg = Release|Any CPU
		{1C15D15D-971C-47EE-BC13-A09B9BF9B092}.Release|Any CPU.Build.0 = Release|Any CPU
	EndGlobalSection
	GlobalSection(SolutionProperties) = preSolution
		HideSolutionNode = FALSE
	EndGlobalSection
EndGlobal
